
Microsoft Visual Studio Solution File, Format Version 12.00
# Visual Studio Version 17
VisualStudioVersion = 17.13.35931.197 d17.13
MinimumVisualStudioVersion = 10.0.40219.1
Project("{FAE04EC0-301F-11D3-BF4B-00C04F79EFBC}") = "EventServiceProvider", "EventServiceProvider\EventServiceProvider.csproj", "{10A625D6-1E46-421F-A32A-6B8BE58906CE}"
EndProject
Global
	GlobalSection(SolutionConfigurationPlatforms) = preSolution
		Debug|Any CPU = Debug|Any CPU
		Release|Any CPU = Release|Any CPU
	EndGlobalSection
	GlobalSection(ProjectConfigurationPlatforms) = postSolution
		{10A625D6-1E46-421F-A32A-6B8BE58906CE}.Debug|Any CPU.ActiveCfg = Debug|Any CPU
		{10A625D6-1E46-421F-A32A-6B8BE58906CE}.Debug|Any CPU.Build.0 = Debug|Any CPU
		{10A625D6-1E46-421F-A32A-6B8BE58906CE}.Release|Any CPU.ActiveCfg = Release|Any CPU
		{10A625D6-1E46-421F-A32A-6B8BE58906CE}.Release|Any CPU.Build.0 = Release|Any CPU
	EndGlobalSection
	GlobalSection(SolutionProperties) = preSolution
		HideSolutionNode = FALSE
	EndGlobalSection
	GlobalSection(ExtensibilityGlobals) = postSolution
		SolutionGuid = {539D5DE9-1385-4600-B11C-07D58F6E3820}
	EndGlobalSection
EndGlobal
